
Microsoft Visual Studio Solution File, Format Version 12.00
# Visual Studio Version 17
VisualStudioVersion = 17.14.36915.13
MinimumVisualStudioVersion = 10.0.40219.1
Project("{FAE04EC0-301F-11D3-BF4B-00C04F79EFBC}") = "TemplateApi.Api", "api\TemplateApi.Api.csproj", "{4077913C-4EB1-49E1-A4F3-AF7012119718}"
EndProject
Project("{FAE04EC0-301F-11D3-BF4B-00C04F79EFBC}") = "TemplateApi", "src\TemplateApi.csproj", "{A78A7325-1EE9-415D-B9F7-40C96F6BB57C}"
EndProject
Project("{FAE04EC0-301F-11D3-BF4B-00C04F79EFBC}") = "TemplateApi.Teste", "test\TemplateApi.Teste.csproj", "{B55419BD-C941-4A06-9A18-42329FA80463}"
EndProject
Global
	GlobalSection(SolutionConfigurationPlatforms) = preSolution
		Debug|Any CPU = Debug|Any CPU
		Release|Any CPU = Release|Any CPU
	EndGlobalSection
	GlobalSection(ProjectConfigurationPlatforms) = postSolution
		{4077913C-4EB1-49E1-A4F3-AF7012119718}.Debug|Any CPU.ActiveCfg = Debug|Any CPU
		{4077913C-4EB1-49E1-A4F3-AF7012119718}.Debug|Any CPU.Build.0 = Debug|Any CPU
		{4077913C-4EB1-49E1-A4F3-AF7012119718}.Release|Any CPU.ActiveCfg = Release|Any CPU
		{4077913C-4EB1-49E1-A4F3-AF7012119718}.Release|Any CPU.Build.0 = Release|Any CPU
		{A78A7325-1EE9-415D-B9F7-40C96F6BB57C}.Debug|Any CPU.ActiveCfg = Debug|Any CPU
		{A78A7325-1EE9-415D-B9F7-40C96F6BB57C}.Debug|Any CPU.Build.0 = Debug|Any CPU
		{A78A7325-1EE9-415D-B9F7-40C96F6BB57C}.Release|Any CPU.ActiveCfg = Release|Any CPU
		{A78A7325-1EE9-415D-B9F7-40C96F6BB57C}.Release|Any CPU.Build.0 = Release|Any CPU
		{B55419BD-C941-4A06-9A18-42329FA80463}.Debug|Any CPU.ActiveCfg = Debug|Any CPU
		{B55419BD-C941-4A06-9A18-42329FA80463}.Debug|Any CPU.Build.0 = Debug|Any CPU
		{B55419BD-C941-4A06-9A18-42329FA80463}.Release|Any CPU.ActiveCfg = Release|Any CPU
		{B55419BD-C941-4A06-9A18-42329FA80463}.Release|Any CPU.Build.0 = Release|Any CPU
	EndGlobalSection
	GlobalSection(SolutionProperties) = preSolution
		HideSolutionNode = FALSE
	EndGlobalSection
	GlobalSection(ExtensibilityGlobals) = postSolution
		SolutionGuid = {1BF36774-33FB-44A8-8264-A4124D0E4996}
	EndGlobalSection
EndGlobal
